// !$*UTF8*$!
{
	archiveVersion = 1;
	classes = {
	};
	objectVersion = 50;
	objects = {

/* Begin PBXBuildFile section */
		1B447D84240EBF87006ADFF9 /* AppDelegate.swift in Sources */ = {isa = PBXBuildFile; fileRef = 1B447D83240EBF87006ADFF9 /* AppDelegate.swift */; };
		1B447D86240EBF87006ADFF9 /* SceneDelegate.swift in Sources */ = {isa = PBXBuildFile; fileRef = 1B447D85240EBF87006ADFF9 /* SceneDelegate.swift */; };
		1B447D88240EBF87006ADFF9 /* ViewController.swift in Sources */ = {isa = PBXBuildFile; fileRef = 1B447D87240EBF87006ADFF9 /* ViewController.swift */; };
		1B447D8B240EBF87006ADFF9 /* Main.storyboard in Resources */ = {isa = PBXBuildFile; fileRef = 1B447D89240EBF87006ADFF9 /* Main.storyboard */; };
		1B447D8D240EBF89006ADFF9 /* Assets.xcassets in Resources */ = {isa = PBXBuildFile; fileRef = 1B447D8C240EBF89006ADFF9 /* Assets.xcassets */; };
		1B447D90240EBF89006ADFF9 /* LaunchScreen.storyboard in Resources */ = {isa = PBXBuildFile; fileRef = 1B447D8E240EBF89006ADFF9 /* LaunchScreen.storyboard */; };
		1B447DA0240EF012006ADFF9 /* Flickr.xcdatamodeld in Sources */ = {isa = PBXBuildFile; fileRef = 1B447D9E240EF012006ADFF9 /* Flickr.xcdatamodeld */; };
		1B447DA2240EF22E006ADFF9 /* CoreDataStack.swift in Sources */ = {isa = PBXBuildFile; fileRef = 1B447DA1240EF22E006ADFF9 /* CoreDataStack.swift */; };
		1B447DA6240F12A0006ADFF9 /* PhotoRepresentation.swift in Sources */ = {isa = PBXBuildFile; fileRef = 1B447DA5240F12A0006ADFF9 /* PhotoRepresentation.swift */; };
		1B447DA8240F2BE1006ADFF9 /* NetworkController.swift in Sources */ = {isa = PBXBuildFile; fileRef = 1B447DA7240F2BE1006ADFF9 /* NetworkController.swift */; };
/* End PBXBuildFile section */

/* Begin PBXFileReference section */
		1B447D80240EBF87006ADFF9 /* Virtual Tourists.app */ = {isa = PBXFileReference; explicitFileType = wrapper.application; includeInIndex = 0; path = "Virtual Tourists.app"; sourceTree = BUILT_PRODUCTS_DIR; };
		1B447D83240EBF87006ADFF9 /* AppDelegate.swift */ = {isa = PBXFileReference; lastKnownFileType = sourcecode.swift; path = AppDelegate.swift; sourceTree = "<group>"; };
		1B447D85240EBF87006ADFF9 /* SceneDelegate.swift */ = {isa = PBXFileReference; lastKnownFileType = sourcecode.swift; path = SceneDelegate.swift; sourceTree = "<group>"; };
		1B447D87240EBF87006ADFF9 /* ViewController.swift */ = {isa = PBXFileReference; lastKnownFileType = sourcecode.swift; path = ViewController.swift; sourceTree = "<group>"; };
		1B447D8A240EBF87006ADFF9 /* Base */ = {isa = PBXFileReference; lastKnownFileType = file.storyboard; name = Base; path = Base.lproj/Main.storyboard; sourceTree = "<group>"; };
		1B447D8C240EBF89006ADFF9 /* Assets.xcassets */ = {isa = PBXFileReference; lastKnownFileType = folder.assetcatalog; path = Assets.xcassets; sourceTree = "<group>"; };
		1B447D8F240EBF89006ADFF9 /* Base */ = {isa = PBXFileReference; lastKnownFileType = file.storyboard; name = Base; path = Base.lproj/LaunchScreen.storyboard; sourceTree = "<group>"; };
		1B447D91240EBF89006ADFF9 /* Info.plist */ = {isa = PBXFileReference; lastKnownFileType = text.plist.xml; path = Info.plist; sourceTree = "<group>"; };
		1B447D9F240EF012006ADFF9 /* Flickr.xcdatamodel */ = {isa = PBXFileReference; lastKnownFileType = wrapper.xcdatamodel; path = Flickr.xcdatamodel; sourceTree = "<group>"; };
		1B447DA1240EF22E006ADFF9 /* CoreDataStack.swift */ = {isa = PBXFileReference; lastKnownFileType = sourcecode.swift; path = CoreDataStack.swift; sourceTree = "<group>"; };
		1B447DA5240F12A0006ADFF9 /* PhotoRepresentation.swift */ = {isa = PBXFileReference; lastKnownFileType = sourcecode.swift; path = PhotoRepresentation.swift; sourceTree = "<group>"; };
		1B447DA7240F2BE1006ADFF9 /* NetworkController.swift */ = {isa = PBXFileReference; lastKnownFileType = sourcecode.swift; path = NetworkController.swift; sourceTree = "<group>"; };
/* End PBXFileReference section */

/* Begin PBXFrameworksBuildPhase section */
		1B447D7D240EBF87006ADFF9 /* Frameworks */ = {
			isa = PBXFrameworksBuildPhase;
			buildActionMask = 2147483647;
			files = (
			);
			runOnlyForDeploymentPostprocessing = 0;
		};
/* End PBXFrameworksBuildPhase section */

/* Begin PBXGroup section */
		1B447D77240EBF87006ADFF9 = {
			isa = PBXGroup;
			children = (
				1B447D82240EBF87006ADFF9 /* Virtual Tourists */,
				1B447D81240EBF87006ADFF9 /* Products */,
			);
			sourceTree = "<group>";
		};
		1B447D81240EBF87006ADFF9 /* Products */ = {
			isa = PBXGroup;
			children = (
				1B447D80240EBF87006ADFF9 /* Virtual Tourists.app */,
			);
			name = Products;
			sourceTree = "<group>";
		};
		1B447D82240EBF87006ADFF9 /* Virtual Tourists */ = {
			isa = PBXGroup;
			children = (
				1B447D9D240EC337006ADFF9 /* Extensions */,
				1B447D9C240EC32B006ADFF9 /* Model */,
				1B447D9B240EC31B006ADFF9 /* Network */,
				1B447D9A240EC314006ADFF9 /* Model  Controller */,
				1B447D97240EC2F3006ADFF9 /* Resources */,
				1B447D98240EC301006ADFF9 /* View Controllers */,
				1B447D99240EC30B006ADFF9 /* Storyboards */,
			);
			path = "Virtual Tourists";
			sourceTree = "<group>";
		};
		1B447D97240EC2F3006ADFF9 /* Resources */ = {
			isa = PBXGroup;
			children = (
				1B447D83240EBF87006ADFF9 /* AppDelegate.swift */,
				1B447D85240EBF87006ADFF9 /* SceneDelegate.swift */,
				1B447D8C240EBF89006ADFF9 /* Assets.xcassets */,
				1B447D8E240EBF89006ADFF9 /* LaunchScreen.storyboard */,
				1B447D91240EBF89006ADFF9 /* Info.plist */,
			);
			path = Resources;
			sourceTree = "<group>";
		};
		1B447D98240EC301006ADFF9 /* View Controllers */ = {
			isa = PBXGroup;
			children = (
				1B447D87240EBF87006ADFF9 /* ViewController.swift */,
			);
			path = "View Controllers";
			sourceTree = "<group>";
		};
		1B447D99240EC30B006ADFF9 /* Storyboards */ = {
			isa = PBXGroup;
			children = (
				1B447D89240EBF87006ADFF9 /* Main.storyboard */,
			);
			path = Storyboards;
			sourceTree = "<group>";
		};
		1B447D9A240EC314006ADFF9 /* Model  Controller */ = {
			isa = PBXGroup;
			children = (
			);
			path = "Model  Controller";
			sourceTree = "<group>";
		};
		1B447D9B240EC31B006ADFF9 /* Network */ = {
			isa = PBXGroup;
			children = (
				1B447DA7240F2BE1006ADFF9 /* NetworkController.swift */,
			);
			path = Network;
			sourceTree = "<group>";
		};
		1B447D9C240EC32B006ADFF9 /* Model */ = {
			isa = PBXGroup;
			children = (
				1B447D9E240EF012006ADFF9 /* Flickr.xcdatamodeld */,
				1B447DA1240EF22E006ADFF9 /* CoreDataStack.swift */,
				1B447DA5240F12A0006ADFF9 /* PhotoRepresentation.swift */,
			);
			path = Model;
			sourceTree = "<group>";
		};
		1B447D9D240EC337006ADFF9 /* Extensions */ = {
			isa = PBXGroup;
			children = (
			);
			path = Extensions;
			sourceTree = "<group>";
		};
/* End PBXGroup section */

/* Begin PBXNativeTarget section */
		1B447D7F240EBF87006ADFF9 /* Virtual Tourists */ = {
			isa = PBXNativeTarget;
			buildConfigurationList = 1B447D94240EBF89006ADFF9 /* Build configuration list for PBXNativeTarget "Virtual Tourists" */;
			buildPhases = (
				1B447D7C240EBF87006ADFF9 /* Sources */,
				1B447D7D240EBF87006ADFF9 /* Frameworks */,
				1B447D7E240EBF87006ADFF9 /* Resources */,
			);
			buildRules = (
			);
			dependencies = (
			);
			name = "Virtual Tourists";
			productName = "Virtual Tourists";
			productReference = 1B447D80240EBF87006ADFF9 /* Virtual Tourists.app */;
			productType = "com.apple.product-type.application";
		};
/* End PBXNativeTarget section */

/* Begin PBXProject section */
		1B447D78240EBF87006ADFF9 /* Project object */ = {
			isa = PBXProject;
			attributes = {
				LastSwiftUpdateCheck = 1130;
				LastUpgradeCheck = 1130;
				ORGANIZATIONNAME = "Michael Flowers";
				TargetAttributes = {
					1B447D7F240EBF87006ADFF9 = {
						CreatedOnToolsVersion = 11.3;
					};
				};
			};
			buildConfigurationList = 1B447D7B240EBF87006ADFF9 /* Build configuration list for PBXProject "Virtual Tourists" */;
			compatibilityVersion = "Xcode 9.3";
			developmentRegion = en;
			hasScannedForEncodings = 0;
			knownRegions = (
				en,
				Base,
			);
			mainGroup = 1B447D77240EBF87006ADFF9;
			productRefGroup = 1B447D81240EBF87006ADFF9 /* Products */;
			projectDirPath = "";
			projectRoot = "";
			targets = (
				1B447D7F240EBF87006ADFF9 /* Virtual Tourists */,
			);
		};
/* End PBXProject section */

/* Begin PBXResourcesBuildPhase section */
		1B447D7E240EBF87006ADFF9 /* Resources */ = {
			isa = PBXResourcesBuildPhase;
			buildActionMask = 2147483647;
			files = (
				1B447D90240EBF89006ADFF9 /* LaunchScreen.storyboard in Resources */,
				1B447D8D240EBF89006ADFF9 /* Assets.xcassets in Resources */,
				1B447D8B240EBF87006ADFF9 /* Main.storyboard in Resources */,
			);
			runOnlyForDeploymentPostprocessing = 0;
		};
/* End PBXResourcesBuildPhase section */

/* Begin PBXSourcesBuildPhase section */
		1B447D7C240EBF87006ADFF9 /* Sources */ = {
			isa = PBXSourcesBuildPhase;
			buildActionMask = 2147483647;
			files = (
				1B447DA2240EF22E006ADFF9 /* CoreDataStack.swift in Sources */,
				1B447DA6240F12A0006ADFF9 /* PhotoRepresentation.swift in Sources */,
				1B447D88240EBF87006ADFF9 /* ViewController.swift in Sources */,
				1B447D84240EBF87006ADFF9 /* AppDelegate.swift in Sources */,
				1B447DA0240EF012006ADFF9 /* Flickr.xcdatamodeld in Sources */,
				1B447DA8240F2BE1006ADFF9 /* NetworkController.swift in Sources */,
				1B447D86240EBF87006ADFF9 /* SceneDelegate.swift in Sources */,
			);
			runOnlyForDeploymentPostprocessing = 0;
		};
/* End PBXSourcesBuildPhase section */

/* Begin PBXVariantGroup section */
		1B447D89240EBF87006ADFF9 /* Main.storyboard */ = {
			isa = PBXVariantGroup;
			children = (
				1B447D8A240EBF87006ADFF9 /* Base */,
			);
			name = Main.storyboard;
			sourceTree = "<group>";
		};
		1B447D8E240EBF89006ADFF9 /* LaunchScreen.storyboard */ = {
			isa = PBXVariantGroup;
			children = (
				1B447D8F240EBF89006ADFF9 /* Base */,
			);
			name = LaunchScreen.storyboard;
			sourceTree = "<group>";
		};
/* End PBXVariantGroup section */

/* Begin XCBuildConfiguration section */
		1B447D92240EBF89006ADFF9 /* Debug */ = {
			isa = XCBuildConfiguration;
			buildSettings = {
				ALWAYS_SEARCH_USER_PATHS = NO;
				CLANG_ANALYZER_NONNULL = YES;
				CLANG_ANALYZER_NUMBER_OBJECT_CONVERSION = YES_AGGRESSIVE;
				CLANG_CXX_LANGUAGE_STANDARD = "gnu++14";
				CLANG_CXX_LIBRARY = "libc++";
				CLANG_ENABLE_MODULES = YES;
				CLANG_ENABLE_OBJC_ARC = YES;
				CLANG_ENABLE_OBJC_WEAK = YES;
				CLANG_WARN_BLOCK_CAPTURE_AUTORELEASING = YES;
				CLANG_WARN_BOOL_CONVERSION = YES;
				CLANG_WARN_COMMA = YES;
				CLANG_WARN_CONSTANT_CONVERSION = YES;
				CLANG_WARN_DEPRECATED_OBJC_IMPLEMENTATIONS = YES;
				CLANG_WARN_DIRECT_OBJC_ISA_USAGE = YES_ERROR;
				CLANG_WARN_DOCUMENTATION_COMMENTS = YES;
				CLANG_WARN_EMPTY_BODY = YES;
				CLANG_WARN_ENUM_CONVERSION = YES;
				CLANG_WARN_INFINITE_RECURSION = YES;
				CLANG_WARN_INT_CONVERSION = YES;
				CLANG_WARN_NON_LITERAL_NULL_CONVERSION = YES;
				CLANG_WARN_OBJC_IMPLICIT_RETAIN_SELF = YES;
				CLANG_WARN_OBJC_LITERAL_CONVERSION = YES;
				CLANG_WARN_OBJC_ROOT_CLASS = YES_ERROR;
				CLANG_WARN_RANGE_LOOP_ANALYSIS = YES;
				CLANG_WARN_STRICT_PROTOTYPES = YES;
				CLANG_WARN_SUSPICIOUS_MOVE = YES;
				CLANG_WARN_UNGUARDED_AVAILABILITY = YES_AGGRESSIVE;
				CLANG_WARN_UNREACHABLE_CODE = YES;
				CLANG_WARN__DUPLICATE_METHOD_MATCH = YES;
				COPY_PHASE_STRIP = NO;
				DEBUG_INFORMATION_FORMAT = dwarf;
				ENABLE_STRICT_OBJC_MSGSEND = YES;
				ENABLE_TESTABILITY = YES;
				GCC_C_LANGUAGE_STANDARD = gnu11;
				GCC_DYNAMIC_NO_PIC = NO;
				GCC_NO_COMMON_BLOCKS = YES;
				GCC_OPTIMIZATION_LEVEL = 0;
				GCC_PREPROCESSOR_DEFINITIONS = (
					"DEBUG=1",
					"$(inherited)",
				);
				GCC_WARN_64_TO_32_BIT_CONVERSION = YES;
				GCC_WARN_ABOUT_RETURN_TYPE = YES_ERROR;
				GCC_WARN_UNDECLARED_SELECTOR = YES;
				GCC_WARN_UNINITIALIZED_AUTOS = YES_AGGRESSIVE;
				GCC_WARN_UNUSED_FUNCTION = YES;
				GCC_WARN_UNUSED_VARIABLE = YES;
				IPHONEOS_DEPLOYMENT_TARGET = 13.2;
				MTL_ENABLE_DEBUG_INFO = INCLUDE_SOURCE;
				MTL_FAST_MATH = YES;
				ONLY_ACTIVE_ARCH = YES;
				SDKROOT = iphoneos;
				SWIFT_ACTIVE_COMPILATION_CONDITIONS = DEBUG;
				SWIFT_OPTIMIZATION_LEVEL = "-Onone";
			};
			name = Debug;
		};
		1B447D93240EBF89006ADFF9 /* Release */ = {
			isa = XCBuildConfiguration;
			buildSettings = {
				ALWAYS_SEARCH_USER_PATHS = NO;
				CLANG_ANALYZER_NONNULL = YES;
				CLANG_ANALYZER_NUMBER_OBJECT_CONVERSION = YES_AGGRESSIVE;
				CLANG_CXX_LANGUAGE_STANDARD = "gnu++14";
				CLANG_CXX_LIBRARY = "libc++";
				CLANG_ENABLE_MODULES = YES;
				CLANG_ENABLE_OBJC_ARC = YES;
				CLANG_ENABLE_OBJC_WEAK = YES;
				CLANG_WARN_BLOCK_CAPTURE_AUTORELEASING = YES;
				CLANG_WARN_BOOL_CONVERSION = YES;
				CLANG_WARN_COMMA = YES;
				CLANG_WARN_CONSTANT_CONVERSION = YES;
				CLANG_WARN_DEPRECATED_OBJC_IMPLEMENTATIONS = YES;
				CLANG_WARN_DIRECT_OBJC_ISA_USAGE = YES_ERROR;
				CLANG_WARN_DOCUMENTATION_COMMENTS = YES;
				CLANG_WARN_EMPTY_BODY = YES;
				CLANG_WARN_ENUM_CONVERSION = YES;
				CLANG_WARN_INFINITE_RECURSION = YES;
				CLANG_WARN_INT_CONVERSION = YES;
				CLANG_WARN_NON_LITERAL_NULL_CONVERSION = YES;
				CLANG_WARN_OBJC_IMPLICIT_RETAIN_SELF = YES;
				CLANG_WARN_OBJC_LITERAL_CONVERSION = YES;
				CLANG_WARN_OBJC_ROOT_CLASS = YES_ERROR;
				CLANG_WARN_RANGE_LOOP_ANALYSIS = YES;
				CLANG_WARN_STRICT_PROTOTYPES = YES;
				CLANG_WARN_SUSPICIOUS_MOVE = YES;
				CLANG_WARN_UNGUARDED_AVAILABILITY = YES_AGGRESSIVE;
				CLANG_WARN_UNREACHABLE_CODE = YES;
				CLANG_WARN__DUPLICATE_METHOD_MATCH = YES;
				COPY_PHASE_STRIP = NO;
				DEBUG_INFORMATION_FORMAT = "dwarf-with-dsym";
				ENABLE_NS_ASSERTIONS = NO;
				ENABLE_STRICT_OBJC_MSGSEND = YES;
				GCC_C_LANGUAGE_STANDARD = gnu11;
				GCC_NO_COMMON_BLOCKS = YES;
				GCC_WARN_64_TO_32_BIT_CONVERSION = YES;
				GCC_WARN_ABOUT_RETURN_TYPE = YES_ERROR;
				GCC_WARN_UNDECLARED_SELECTOR = YES;
				GCC_WARN_UNINITIALIZED_AUTOS = YES_AGGRESSIVE;
				GCC_WARN_UNUSED_FUNCTION = YES;
				GCC_WARN_UNUSED_VARIABLE = YES;
				IPHONEOS_DEPLOYMENT_TARGET = 13.2;
				MTL_ENABLE_DEBUG_INFO = NO;
				MTL_FAST_MATH = YES;
				SDKROOT = iphoneos;
				SWIFT_COMPILATION_MODE = wholemodule;
				SWIFT_OPTIMIZATION_LEVEL = "-O";
				VALIDATE_PRODUCT = YES;
			};
			name = Release;
		};
		1B447D95240EBF89006ADFF9 /* Debug */ = {
			isa = XCBuildConfiguration;
			buildSettings = {
				ASSETCATALOG_COMPILER_APPICON_NAME = AppIcon;
				CODE_SIGN_STYLE = Automatic;
				DEVELOPMENT_TEAM = X4W7EQ4E4R;
				INFOPLIST_FILE = "$(SRCROOT)/Virtual Tourists/Resources/Info.plist";
				LD_RUNPATH_SEARCH_PATHS = (
					"$(inherited)",
					"@executable_path/Frameworks",
				);
				PRODUCT_BUNDLE_IDENTIFIER = "flowers.Virtual-Tourists";
				PRODUCT_NAME = "$(TARGET_NAME)";
				SWIFT_VERSION = 5.0;
				TARGETED_DEVICE_FAMILY = "1,2";
			};
			name = Debug;
		};
		1B447D96240EBF89006ADFF9 /* Release */ = {
			isa = XCBuildConfiguration;
			buildSettings = {
				ASSETCATALOG_COMPILER_APPICON_NAME = AppIcon;
				CODE_SIGN_STYLE = Automatic;
				DEVELOPMENT_TEAM = X4W7EQ4E4R;
				INFOPLIST_FILE = "$(SRCROOT)/Virtual Tourists/Resources/Info.plist";
				LD_RUNPATH_SEARCH_PATHS = (
					"$(inherited)",
					"@executable_path/Frameworks",
				);
				PRODUCT_BUNDLE_IDENTIFIER = "flowers.Virtual-Tourists";
				PRODUCT_NAME = "$(TARGET_NAME)";
				SWIFT_VERSION = 5.0;
				TARGETED_DEVICE_FAMILY = "1,2";
			};
			name = Release;
		};
/* End XCBuildConfiguration section */

/* Begin XCConfigurationList section */
		1B447D7B240EBF87006ADFF9 /* Build configuration list for PBXProject "Virtual Tourists" */ = {
			isa = XCConfigurationList;
			buildConfigurations = (
				1B447D92240EBF89006ADFF9 /* Debug */,
				1B447D93240EBF89006ADFF9 /* Release */,
			);
			defaultConfigurationIsVisible = 0;
			defaultConfigurationName = Release;
		};
		1B447D94240EBF89006ADFF9 /* Build configuration list for PBXNativeTarget "Virtual Tourists" */ = {
			isa = XCConfigurationList;
			buildConfigurations = (
				1B447D95240EBF89006ADFF9 /* Debug */,
				1B447D96240EBF89006ADFF9 /* Release */,
			);
			defaultConfigurationIsVisible = 0;
			defaultConfigurationName = Release;
		};
/* End XCConfigurationList section */

/* Begin XCVersionGroup section */
		1B447D9E240EF012006ADFF9 /* Flickr.xcdatamodeld */ = {
			isa = XCVersionGroup;
			children = (
				1B447D9F240EF012006ADFF9 /* Flickr.xcdatamodel */,
			);
			currentVersion = 1B447D9F240EF012006ADFF9 /* Flickr.xcdatamodel */;
			path = Flickr.xcdatamodeld;
			sourceTree = "<group>";
			versionGroupType = wrapper.xcdatamodel;
		};
/* End XCVersionGroup section */
	};
	rootObject = 1B447D78240EBF87006ADFF9 /* Project object */;
}
